<?xml version="1.0" encoding="UTF-8"?>
<Project ToolsVersion="14.0" xmlns="http://schemas.microsoft.com/developer/msbuild/2003">
  <ItemGroup>
    <ClCompile Include="C:\Users\John\Desktop\checkers\sources\Player.cpp">
      <Filter>Source Files</Filter>
    </ClCompile>
    <ClCompile Include="C:\Users\John\Desktop\checkers\sources\PlayerManager.cpp">
      <Filter>Source Files</Filter>
    </ClCompile>
    <ClCompile Include="C:\Users\John\Desktop\checkers\sources\ConnectionProtocolHandler.cpp">
      <Filter>Source Files</Filter>
    </ClCompile>
    <ClCompile Include="C:\Users\John\Desktop\checkers\sources\GameLogic\Game.cpp">
      <Filter>Source Files</Filter>
    </ClCompile>
    <ClCompile Include="C:\Users\John\Desktop\checkers\sources\Room.cpp">
      <Filter>Source Files</Filter>
    </ClCompile>
    <ClCompile Include="C:\Users\John\Desktop\checkers\sources\RoomManager.cpp">
      <Filter>Source Files</Filter>
    </ClCompile>
    <ClCompile Include="C:\Users\John\Desktop\checkers\sources\Server.cpp">
      <Filter>Source Files</Filter>
    </ClCompile>
    <ClCompile Include="C:\Users\John\Desktop\checkers\sources\main.cpp">
      <Filter>Source Files</Filter>
    </ClCompile>
    <ClCompile Include="C:\Users\John\Desktop\checkers\sources\GameLogic\Board.cpp">
      <Filter>Source Files</Filter>
    </ClCompile>
    <ClCompile Include="C:\Users\John\Desktop\checkers\sources\MessageDispatcher.cpp">
      <Filter>Source Files</Filter>
    </ClCompile>
    <ClCompile Include="C:\Users\John\Desktop\checkers\sources\Signals\EnterRoomSignal.cpp">
      <Filter>Source Files</Filter>
    </ClCompile>
    <ClCompile Include="C:\Users\John\Desktop\checkers\sources\Signals\BoardSignal.cpp">
      <Filter>Source Files</Filter>
    </ClCompile>
    <ClCompile Include="C:\Users\John\Desktop\checkers\sources\Signals\LeaveRoomSignal.cpp">
      <Filter>Source Files</Filter>
    </ClCompile>
    <ClCompile Include="C:\Users\John\Desktop\checkers\sources\Signals\NewGameSignal.cpp">
      <Filter>Source Files</Filter>
    </ClCompile>
    <ClCompile Include="C:\Users\John\Desktop\checkers\sources\Signals\NewRoomRequestSignal.cpp">
      <Filter>Source Files</Filter>
    </ClCompile>
    <ClCompile Include="C:\Users\John\Desktop\checkers\sources\Signals\NickRequestSignal.cpp">
      <Filter>Source Files</Filter>
    </ClCompile>
    <ClCompile Include="C:\Users\John\Desktop\checkers\sources\Signals\TextMessage.cpp">
      <Filter>Source Files</Filter>
    </ClCompile>
    <ClCompile Include="C:\Users\John\Desktop\checkers\sources\Signals\StaticInit.cpp">
      <Filter>Source Files</Filter>
    </ClCompile>
    <ClCompile Include="C:\Users\John\Desktop\checkers\sources\Signals\OpponentEnteredTheRoomSignal.cpp">
      <Filter>Source Files</Filter>
    </ClCompile>
    <ClCompile Include="C:\Users\John\Desktop\checkers\sources\Signals\OpponentLeftRoomSignal.cpp">
      <Filter>Source Files</Filter>
    </ClCompile>
    <ClCompile Include="C:\Users\John\Desktop\checkers\sources\Signals\PermissionSignal.cpp">
      <Filter>Source Files</Filter>
    </ClCompile>
    <ClCompile Include="C:\Users\John\Desktop\checkers\sources\Signals\GameEndSignal.cpp">
      <Filter>Source Files</Filter>
    </ClCompile>
    <ClCompile Include="C:\Users\John\Desktop\checkers\sources\Signals\Signal.cpp">
      <Filter>Source Files</Filter>
    </ClCompile>
    <ClCompile Include="C:\Users\John\Desktop\checkers\sources\Signals\MoveSignal.cpp">
      <Filter>Source Files</Filter>
    </ClCompile>
    <ClCompile Include="C:\Users\John\Desktop\checkers\sources\Signals\RoomsRequestSignal.cpp">
      <Filter>Source Files</Filter>
    </ClCompile>
    <ClCompile Include="C:\Users\John\Desktop\checkers\sources\Signals\RoomsSignal.cpp">
      <Filter>Source Files</Filter>
    </ClCompile>
    <ClCompile Include="C:\Users\John\Desktop\checkers\sources\Signals\SendSignalDelegate.cpp">
      <Filter>Source Files</Filter>
    </ClCompile>
    <ClCompile Include="C:\Users\John\Desktop\checkers\tests\Helpers\TestConnectionProtocolHandler.cpp">
      <Filter>Source Files</Filter>
    </ClCompile>
    <ClCompile Include="C:\Users\John\Desktop\checkers\tests\Helpers\TestSignalSendDelegate.cpp">
      <Filter>Source Files</Filter>
    </ClCompile>
  </ItemGroup>
  <ItemGroup>
    <ClInclude Include="C:\Users\John\Desktop\checkers\sources\GameLogic\Point.hpp">
      <Filter>Header Files</Filter>
    </ClInclude>
    <ClInclude Include="C:\Users\John\Desktop\checkers\sources\GameObserver.hpp">
      <Filter>Header Files</Filter>
    </ClInclude>
    <ClInclude Include="C:\Users\John\Desktop\checkers\sources\GameLogic\Board.hpp">
      <Filter>Header Files</Filter>
    </ClInclude>
    <ClInclude Include="C:\Users\John\Desktop\checkers\sources\GameLogic\PieceKind.hpp">
      <Filter>Header Files</Filter>
    </ClInclude>
    <ClInclude Include="C:\Users\John\Desktop\checkers\sources\MessageDispatcher.hpp">
      <Filter>Header Files</Filter>
    </ClInclude>
    <ClInclude Include="C:\Users\John\Desktop\checkers\sources\GameLogic\PlayerColour.hpp">
      <Filter>Header Files</Filter>
    </ClInclude>
    <ClInclude Include="C:\Users\John\Desktop\checkers\sources\Signals\Signal.hpp">
      <Filter>Header Files</Filter>
    </ClInclude>
    <ClInclude Include="C:\Users\John\Desktop\checkers\sources\Signals\TextMessage.hpp">
      <Filter>Header Files</Filter>
    </ClInclude>
    <ClInclude Include="C:\Users\John\Desktop\checkers\sources\Signals\BoardSignal.hpp">
      <Filter>Header Files</Filter>
    </ClInclude>
    <ClInclude Include="C:\Users\John\Desktop\checkers\sources\Signals\EnterRoomSignal.hpp">
      <Filter>Header Files</Filter>
    </ClInclude>
    <ClInclude Include="C:\Users\John\Desktop\checkers\sources\Signals\GameEndSignal.hpp">
      <Filter>Header Files</Filter>
    </ClInclude>
    <ClInclude Include="C:\Users\John\Desktop\checkers\sources\Signals\LeaveRoomSignal.hpp">
      <Filter>Header Files</Filter>
    </ClInclude>
    <ClInclude Include="C:\Users\John\Desktop\checkers\sources\Signals\NewGameSignal.hpp">
      <Filter>Header Files</Filter>
    </ClInclude>
    <ClInclude Include="C:\Users\John\Desktop\checkers\sources\Signals\OpponentEnteredTheRoomSignal.hpp">
      <Filter>Header Files</Filter>
    </ClInclude>
    <ClInclude Include="C:\Users\John\Desktop\checkers\sources\Signals\NewRoomRequestSignal.hpp">
      <Filter>Header Files</Filter>
    </ClInclude>
    <ClInclude Include="C:\Users\John\Desktop\checkers\sources\Signals\OpponentLeftRoomSignal.hpp">
      <Filter>Header Files</Filter>
    </ClInclude>
    <ClInclude Include="C:\Users\John\Desktop\checkers\sources\Signals\PermissionSignal.hpp">
      <Filter>Header Files</Filter>
    </ClInclude>
    <ClInclude Include="C:\Users\John\Desktop\checkers\sources\Signals\NickRequestSignal.hpp">
      <Filter>Header Files</Filter>
    </ClInclude>
    <ClInclude Include="C:\Users\John\Desktop\checkers\sources\Signals\SignalFactory.hpp">
      <Filter>Header Files</Filter>
    </ClInclude>
    <ClInclude Include="C:\Users\John\Desktop\checkers\sources\Signals\MoveSignal.hpp">
      <Filter>Header Files</Filter>
    </ClInclude>
    <ClInclude Include="C:\Users\John\Desktop\checkers\sources\Signals\RoomsRequestSignal.hpp">
      <Filter>Header Files</Filter>
    </ClInclude>
    <ClInclude Include="C:\Users\John\Desktop\checkers\sources\Signals\RoomsSignal.hpp">
      <Filter>Header Files</Filter>
    </ClInclude>
    <ClInclude Include="C:\Users\John\Desktop\checkers\sources\Signals\SendSignalDelegate.hpp">
      <Filter>Header Files</Filter>
    </ClInclude>
  </ItemGroup>
  <ItemGroup>
    <CustomBuild Include="C:\Users\John\Desktop\checkers\sources\CMakeLists.txt" />
  </ItemGroup>
  <ItemGroup>
    <Filter Include="Source Files">
      <UniqueIdentifier>{5EE80CB1-7943-39CF-B00A-DD53B74CD2E5}</UniqueIdentifier>
    </Filter>
    <Filter Include="Header Files">
      <UniqueIdentifier>{042444A9-0BA6-32C9-BE8F-20E00A3126FA}</UniqueIdentifier>
    </Filter>
  </ItemGroup>
</Project>
